
Microsoft Visual Studio Solution File, Format Version 12.00
# Visual Studio Version 16
VisualStudioVersion = 16.0.30907.101
MinimumVisualStudioVersion = 10.0.40219.1
Project("{FAE04EC0-301F-11D3-BF4B-00C04F79EFBC}") = "MySqlCRUD", "MySqlCRUD\MySqlCRUD.csproj", "{A1DB072D-591A-4F98-957A-B2CBD3A4B0C7}"
EndProject
Global
	GlobalSection(SolutionConfigurationPlatforms) = preSolution
		Debug|Any CPU = Debug|Any CPU
		Release|Any CPU = Release|Any CPU
	EndGlobalSection
	GlobalSection(ProjectConfigurationPlatforms) = postSolution
		{A1DB072D-591A-4F98-957A-B2CBD3A4B0C7}.Debug|Any CPU.ActiveCfg = Debug|Any CPU
		{A1DB072D-591A-4F98-957A-B2CBD3A4B0C7}.Debug|Any CPU.Build.0 = Debug|Any CPU
		{A1DB072D-591A-4F98-957A-B2CBD3A4B0C7}.Release|Any CPU.ActiveCfg = Release|Any CPU
		{A1DB072D-591A-4F98-957A-B2CBD3A4B0C7}.Release|Any CPU.Build.0 = Release|Any CPU
	EndGlobalSection
	GlobalSection(SolutionProperties) = preSolution
		HideSolutionNode = FALSE
	EndGlobalSection
	GlobalSection(ExtensibilityGlobals) = postSolution
		SolutionGuid = {AB6611F9-CDDF-490E-B5A2-F2D2645A06A4}
	EndGlobalSection
EndGlobal
